// !$*UTF8*$!
{
	archiveVersion = 1;
	classes = {
	};
	objectVersion = 50;
	objects = {

/* Begin PBXBuildFile section */
		F77D2BB92521A3F300ADDDAE /* AppDelegate.swift in Sources */ = {isa = PBXBuildFile; fileRef = F77D2BB82521A3F300ADDDAE /* AppDelegate.swift */; };
		F77D2BBB2521A3F300ADDDAE /* SceneDelegate.swift in Sources */ = {isa = PBXBuildFile; fileRef = F77D2BBA2521A3F300ADDDAE /* SceneDelegate.swift */; };
		F77D2BBD2521A3F300ADDDAE /* ViewController.swift in Sources */ = {isa = PBXBuildFile; fileRef = F77D2BBC2521A3F300ADDDAE /* ViewController.swift */; };
		F77D2BC02521A3F300ADDDAE /* Main.storyboard in Resources */ = {isa = PBXBuildFile; fileRef = F77D2BBE2521A3F300ADDDAE /* Main.storyboard */; };
		F77D2BC22521A3F400ADDDAE /* Assets.xcassets in Resources */ = {isa = PBXBuildFile; fileRef = F77D2BC12521A3F400ADDDAE /* Assets.xcassets */; };
		F77D2BC52521A3F400ADDDAE /* LaunchScreen.storyboard in Resources */ = {isa = PBXBuildFile; fileRef = F77D2BC32521A3F400ADDDAE /* LaunchScreen.storyboard */; };
		F77D2BCE2521B80800ADDDAE /* Constants.swift in Sources */ = {isa = PBXBuildFile; fileRef = F77D2BCD2521B80800ADDDAE /* Constants.swift */; };
		F77D2BD12521B9F200ADDDAE /* Video.swift in Sources */ = {isa = PBXBuildFile; fileRef = F77D2BD02521B9F200ADDDAE /* Video.swift */; };
		F77D2BD42521BA4400ADDDAE /* Model.swift in Sources */ = {isa = PBXBuildFile; fileRef = F77D2BD32521BA4400ADDDAE /* Model.swift */; };
		F7C8A3BF2526BAE200CD962E /* Response.swift in Sources */ = {isa = PBXBuildFile; fileRef = F7C8A3BE2526BAE200CD962E /* Response.swift */; };
/* End PBXBuildFile section */

/* Begin PBXFileReference section */
		F77D2BB52521A3F300ADDDAE /* youtube-ios.app */ = {isa = PBXFileReference; explicitFileType = wrapper.application; includeInIndex = 0; path = "youtube-ios.app"; sourceTree = BUILT_PRODUCTS_DIR; };
		F77D2BB82521A3F300ADDDAE /* AppDelegate.swift */ = {isa = PBXFileReference; lastKnownFileType = sourcecode.swift; path = AppDelegate.swift; sourceTree = "<group>"; };
		F77D2BBA2521A3F300ADDDAE /* SceneDelegate.swift */ = {isa = PBXFileReference; lastKnownFileType = sourcecode.swift; path = SceneDelegate.swift; sourceTree = "<group>"; };
		F77D2BBC2521A3F300ADDDAE /* ViewController.swift */ = {isa = PBXFileReference; lastKnownFileType = sourcecode.swift; path = ViewController.swift; sourceTree = "<group>"; };
		F77D2BBF2521A3F300ADDDAE /* Base */ = {isa = PBXFileReference; lastKnownFileType = file.storyboard; name = Base; path = Base.lproj/Main.storyboard; sourceTree = "<group>"; };
		F77D2BC12521A3F400ADDDAE /* Assets.xcassets */ = {isa = PBXFileReference; lastKnownFileType = folder.assetcatalog; path = Assets.xcassets; sourceTree = "<group>"; };
		F77D2BC42521A3F400ADDDAE /* Base */ = {isa = PBXFileReference; lastKnownFileType = file.storyboard; name = Base; path = Base.lproj/LaunchScreen.storyboard; sourceTree = "<group>"; };
		F77D2BC62521A3F400ADDDAE /* Info.plist */ = {isa = PBXFileReference; lastKnownFileType = text.plist.xml; path = Info.plist; sourceTree = "<group>"; };
		F77D2BCD2521B80800ADDDAE /* Constants.swift */ = {isa = PBXFileReference; lastKnownFileType = sourcecode.swift; path = Constants.swift; sourceTree = "<group>"; };
		F77D2BD02521B9F200ADDDAE /* Video.swift */ = {isa = PBXFileReference; lastKnownFileType = sourcecode.swift; path = Video.swift; sourceTree = "<group>"; };
		F77D2BD32521BA4400ADDDAE /* Model.swift */ = {isa = PBXFileReference; lastKnownFileType = sourcecode.swift; path = Model.swift; sourceTree = "<group>"; };
		F7C8A3BE2526BAE200CD962E /* Response.swift */ = {isa = PBXFileReference; lastKnownFileType = sourcecode.swift; path = Response.swift; sourceTree = "<group>"; };
/* End PBXFileReference section */

/* Begin PBXFrameworksBuildPhase section */
		F77D2BB22521A3F300ADDDAE /* Frameworks */ = {
			isa = PBXFrameworksBuildPhase;
			buildActionMask = 2147483647;
			files = (
			);
			runOnlyForDeploymentPostprocessing = 0;
		};
/* End PBXFrameworksBuildPhase section */

/* Begin PBXGroup section */
		F77D2BAC2521A3F300ADDDAE = {
			isa = PBXGroup;
			children = (
				F77D2BB72521A3F300ADDDAE /* youtube-ios */,
				F77D2BB62521A3F300ADDDAE /* Products */,
			);
			sourceTree = "<group>";
		};
		F77D2BB62521A3F300ADDDAE /* Products */ = {
			isa = PBXGroup;
			children = (
				F77D2BB52521A3F300ADDDAE /* youtube-ios.app */,
			);
			name = Products;
			sourceTree = "<group>";
		};
		F77D2BB72521A3F300ADDDAE /* youtube-ios */ = {
			isa = PBXGroup;
			children = (
				F77D2BB82521A3F300ADDDAE /* AppDelegate.swift */,
				F77D2BBA2521A3F300ADDDAE /* SceneDelegate.swift */,
				F77D2BBC2521A3F300ADDDAE /* ViewController.swift */,
				F77D2BBE2521A3F300ADDDAE /* Main.storyboard */,
				F77D2BC12521A3F400ADDDAE /* Assets.xcassets */,
				F77D2BC32521A3F400ADDDAE /* LaunchScreen.storyboard */,
				F77D2BC62521A3F400ADDDAE /* Info.plist */,
				F77D2BCD2521B80800ADDDAE /* Constants.swift */,
				F77D2BD02521B9F200ADDDAE /* Video.swift */,
				F77D2BD32521BA4400ADDDAE /* Model.swift */,
				F7C8A3BE2526BAE200CD962E /* Response.swift */,
			);
			path = "youtube-ios";
			sourceTree = "<group>";
		};
/* End PBXGroup section */

/* Begin PBXNativeTarget section */
		F77D2BB42521A3F300ADDDAE /* youtube-ios */ = {
			isa = PBXNativeTarget;
			buildConfigurationList = F77D2BC92521A3F400ADDDAE /* Build configuration list for PBXNativeTarget "youtube-ios" */;
			buildPhases = (
				F77D2BB12521A3F300ADDDAE /* Sources */,
				F77D2BB22521A3F300ADDDAE /* Frameworks */,
				F77D2BB32521A3F300ADDDAE /* Resources */,
			);
			buildRules = (
			);
			dependencies = (
			);
			name = "youtube-ios";
			productName = "youtube-ios";
			productReference = F77D2BB52521A3F300ADDDAE /* youtube-ios.app */;
			productType = "com.apple.product-type.application";
		};
/* End PBXNativeTarget section */

/* Begin PBXProject section */
		F77D2BAD2521A3F300ADDDAE /* Project object */ = {
			isa = PBXProject;
			attributes = {
				LastSwiftUpdateCheck = 1200;
				LastUpgradeCheck = 1200;
				TargetAttributes = {
					F77D2BB42521A3F300ADDDAE = {
						CreatedOnToolsVersion = 12.0.1;
					};
				};
			};
			buildConfigurationList = F77D2BB02521A3F300ADDDAE /* Build configuration list for PBXProject "youtube-ios" */;
			compatibilityVersion = "Xcode 9.3";
			developmentRegion = en;
			hasScannedForEncodings = 0;
			knownRegions = (
				en,
				Base,
			);
			mainGroup = F77D2BAC2521A3F300ADDDAE;
			productRefGroup = F77D2BB62521A3F300ADDDAE /* Products */;
			projectDirPath = "";
			projectRoot = "";
			targets = (
				F77D2BB42521A3F300ADDDAE /* youtube-ios */,
			);
		};
/* End PBXProject section */

/* Begin PBXResourcesBuildPhase section */
		F77D2BB32521A3F300ADDDAE /* Resources */ = {
			isa = PBXResourcesBuildPhase;
			buildActionMask = 2147483647;
			files = (
				F77D2BC52521A3F400ADDDAE /* LaunchScreen.storyboard in Resources */,
				F77D2BC22521A3F400ADDDAE /* Assets.xcassets in Resources */,
				F77D2BC02521A3F300ADDDAE /* Main.storyboard in Resources */,
			);
			runOnlyForDeploymentPostprocessing = 0;
		};
/* End PBXResourcesBuildPhase section */

/* Begin PBXSourcesBuildPhase section */
		F77D2BB12521A3F300ADDDAE /* Sources */ = {
			isa = PBXSourcesBuildPhase;
			buildActionMask = 2147483647;
			files = (
				F77D2BBD2521A3F300ADDDAE /* ViewController.swift in Sources */,
				F77D2BB92521A3F300ADDDAE /* AppDelegate.swift in Sources */,
				F77D2BBB2521A3F300ADDDAE /* SceneDelegate.swift in Sources */,
				F77D2BD42521BA4400ADDDAE /* Model.swift in Sources */,
				F77D2BCE2521B80800ADDDAE /* Constants.swift in Sources */,
				F77D2BD12521B9F200ADDDAE /* Video.swift in Sources */,
				F7C8A3BF2526BAE200CD962E /* Response.swift in Sources */,
			);
			runOnlyForDeploymentPostprocessing = 0;
		};
/* End PBXSourcesBuildPhase section */

/* Begin PBXVariantGroup section */
		F77D2BBE2521A3F300ADDDAE /* Main.storyboard */ = {
			isa = PBXVariantGroup;
			children = (
				F77D2BBF2521A3F300ADDDAE /* Base */,
			);
			name = Main.storyboard;
			sourceTree = "<group>";
		};
		F77D2BC32521A3F400ADDDAE /* LaunchScreen.storyboard */ = {
			isa = PBXVariantGroup;
			children = (
				F77D2BC42521A3F400ADDDAE /* Base */,
			);
			name = LaunchScreen.storyboard;
			sourceTree = "<group>";
		};
/* End PBXVariantGroup section */

/* Begin XCBuildConfiguration section */
		F77D2BC72521A3F400ADDDAE /* Debug */ = {
			isa = XCBuildConfiguration;
			buildSettings = {
				ALWAYS_SEARCH_USER_PATHS = NO;
				CLANG_ANALYZER_NONNULL = YES;
				CLANG_ANALYZER_NUMBER_OBJECT_CONVERSION = YES_AGGRESSIVE;
				CLANG_CXX_LANGUAGE_STANDARD = "gnu++14";
				CLANG_CXX_LIBRARY = "libc++";
				CLANG_ENABLE_MODULES = YES;
				CLANG_ENABLE_OBJC_ARC = YES;
				CLANG_ENABLE_OBJC_WEAK = YES;
				CLANG_WARN_BLOCK_CAPTURE_AUTORELEASING = YES;
				CLANG_WARN_BOOL_CONVERSION = YES;
				CLANG_WARN_COMMA = YES;
				CLANG_WARN_CONSTANT_CONVERSION = YES;
				CLANG_WARN_DEPRECATED_OBJC_IMPLEMENTATIONS = YES;
				CLANG_WARN_DIRECT_OBJC_ISA_USAGE = YES_ERROR;
				CLANG_WARN_DOCUMENTATION_COMMENTS = YES;
				CLANG_WARN_EMPTY_BODY = YES;
				CLANG_WARN_ENUM_CONVERSION = YES;
				CLANG_WARN_INFINITE_RECURSION = YES;
				CLANG_WARN_INT_CONVERSION = YES;
				CLANG_WARN_NON_LITERAL_NULL_CONVERSION = YES;
				CLANG_WARN_OBJC_IMPLICIT_RETAIN_SELF = YES;
				CLANG_WARN_OBJC_LITERAL_CONVERSION = YES;
				CLANG_WARN_OBJC_ROOT_CLASS = YES_ERROR;
				CLANG_WARN_QUOTED_INCLUDE_IN_FRAMEWORK_HEADER = YES;
				CLANG_WARN_RANGE_LOOP_ANALYSIS = YES;
				CLANG_WARN_STRICT_PROTOTYPES = YES;
				CLANG_WARN_SUSPICIOUS_MOVE = YES;
				CLANG_WARN_UNGUARDED_AVAILABILITY = YES_AGGRESSIVE;
				CLANG_WARN_UNREACHABLE_CODE = YES;
				CLANG_WARN__DUPLICATE_METHOD_MATCH = YES;
				COPY_PHASE_STRIP = NO;
				DEBUG_INFORMATION_FORMAT = dwarf;
				ENABLE_STRICT_OBJC_MSGSEND = YES;
				ENABLE_TESTABILITY = YES;
				GCC_C_LANGUAGE_STANDARD = gnu11;
				GCC_DYNAMIC_NO_PIC = NO;
				GCC_NO_COMMON_BLOCKS = YES;
				GCC_OPTIMIZATION_LEVEL = 0;
				GCC_PREPROCESSOR_DEFINITIONS = (
					"DEBUG=1",
					"$(inherited)",
				);
				GCC_WARN_64_TO_32_BIT_CONVERSION = YES;
				GCC_WARN_ABOUT_RETURN_TYPE = YES_ERROR;
				GCC_WARN_UNDECLARED_SELECTOR = YES;
				GCC_WARN_UNINITIALIZED_AUTOS = YES_AGGRESSIVE;
				GCC_WARN_UNUSED_FUNCTION = YES;
				GCC_WARN_UNUSED_VARIABLE = YES;
				IPHONEOS_DEPLOYMENT_TARGET = 14.0;
				MTL_ENABLE_DEBUG_INFO = INCLUDE_SOURCE;
				MTL_FAST_MATH = YES;
				ONLY_ACTIVE_ARCH = YES;
				SDKROOT = iphoneos;
				SWIFT_ACTIVE_COMPILATION_CONDITIONS = DEBUG;
				SWIFT_OPTIMIZATION_LEVEL = "-Onone";
			};
			name = Debug;
		};
		F77D2BC82521A3F400ADDDAE /* Release */ = {
			isa = XCBuildConfiguration;
			buildSettings = {
				ALWAYS_SEARCH_USER_PATHS = NO;
				CLANG_ANALYZER_NONNULL = YES;
				CLANG_ANALYZER_NUMBER_OBJECT_CONVERSION = YES_AGGRESSIVE;
				CLANG_CXX_LANGUAGE_STANDARD = "gnu++14";
				CLANG_CXX_LIBRARY = "libc++";
				CLANG_ENABLE_MODULES = YES;
				CLANG_ENABLE_OBJC_ARC = YES;
				CLANG_ENABLE_OBJC_WEAK = YES;
				CLANG_WARN_BLOCK_CAPTURE_AUTORELEASING = YES;
				CLANG_WARN_BOOL_CONVERSION = YES;
				CLANG_WARN_COMMA = YES;
				CLANG_WARN_CONSTANT_CONVERSION = YES;
				CLANG_WARN_DEPRECATED_OBJC_IMPLEMENTATIONS = YES;
				CLANG_WARN_DIRECT_OBJC_ISA_USAGE = YES_ERROR;
				CLANG_WARN_DOCUMENTATION_COMMENTS = YES;
				CLANG_WARN_EMPTY_BODY = YES;
				CLANG_WARN_ENUM_CONVERSION = YES;
				CLANG_WARN_INFINITE_RECURSION = YES;
				CLANG_WARN_INT_CONVERSION = YES;
				CLANG_WARN_NON_LITERAL_NULL_CONVERSION = YES;
				CLANG_WARN_OBJC_IMPLICIT_RETAIN_SELF = YES;
				CLANG_WARN_OBJC_LITERAL_CONVERSION = YES;
				CLANG_WARN_OBJC_ROOT_CLASS = YES_ERROR;
				CLANG_WARN_QUOTED_INCLUDE_IN_FRAMEWORK_HEADER = YES;
				CLANG_WARN_RANGE_LOOP_ANALYSIS = YES;
				CLANG_WARN_STRICT_PROTOTYPES = YES;
				CLANG_WARN_SUSPICIOUS_MOVE = YES;
				CLANG_WARN_UNGUARDED_AVAILABILITY = YES_AGGRESSIVE;
				CLANG_WARN_UNREACHABLE_CODE = YES;
				CLANG_WARN__DUPLICATE_METHOD_MATCH = YES;
				COPY_PHASE_STRIP = NO;
				DEBUG_INFORMATION_FORMAT = "dwarf-with-dsym";
				ENABLE_NS_ASSERTIONS = NO;
				ENABLE_STRICT_OBJC_MSGSEND = YES;
				GCC_C_LANGUAGE_STANDARD = gnu11;
				GCC_NO_COMMON_BLOCKS = YES;
				GCC_WARN_64_TO_32_BIT_CONVERSION = YES;
				GCC_WARN_ABOUT_RETURN_TYPE = YES_ERROR;
				GCC_WARN_UNDECLARED_SELECTOR = YES;
				GCC_WARN_UNINITIALIZED_AUTOS = YES_AGGRESSIVE;
				GCC_WARN_UNUSED_FUNCTION = YES;
				GCC_WARN_UNUSED_VARIABLE = YES;
				IPHONEOS_DEPLOYMENT_TARGET = 14.0;
				MTL_ENABLE_DEBUG_INFO = NO;
				MTL_FAST_MATH = YES;
				SDKROOT = iphoneos;
				SWIFT_COMPILATION_MODE = wholemodule;
				SWIFT_OPTIMIZATION_LEVEL = "-O";
				VALIDATE_PRODUCT = YES;
			};
			name = Release;
		};
		F77D2BCA2521A3F400ADDDAE /* Debug */ = {
			isa = XCBuildConfiguration;
			buildSettings = {
				ASSETCATALOG_COMPILER_APPICON_NAME = AppIcon;
				ASSETCATALOG_COMPILER_GLOBAL_ACCENT_COLOR_NAME = AccentColor;
				CODE_SIGN_STYLE = Automatic;
				INFOPLIST_FILE = "youtube-ios/Info.plist";
				LD_RUNPATH_SEARCH_PATHS = (
					"$(inherited)",
					"@executable_path/Frameworks",
				);
				PRODUCT_BUNDLE_IDENTIFIER = "com.myfirst.app.youtube-ios";
				PRODUCT_NAME = "$(TARGET_NAME)";
				SWIFT_VERSION = 5.0;
				TARGETED_DEVICE_FAMILY = "1,2";
			};
			name = Debug;
		};
		F77D2BCB2521A3F400ADDDAE /* Release */ = {
			isa = XCBuildConfiguration;
			buildSettings = {
				ASSETCATALOG_COMPILER_APPICON_NAME = AppIcon;
				ASSETCATALOG_COMPILER_GLOBAL_ACCENT_COLOR_NAME = AccentColor;
				CODE_SIGN_STYLE = Automatic;
				INFOPLIST_FILE = "youtube-ios/Info.plist";
				LD_RUNPATH_SEARCH_PATHS = (
					"$(inherited)",
					"@executable_path/Frameworks",
				);
				PRODUCT_BUNDLE_IDENTIFIER = "com.myfirst.app.youtube-ios";
				PRODUCT_NAME = "$(TARGET_NAME)";
				SWIFT_VERSION = 5.0;
				TARGETED_DEVICE_FAMILY = "1,2";
			};
			name = Release;
		};
/* End XCBuildConfiguration section */

/* Begin XCConfigurationList section */
		F77D2BB02521A3F300ADDDAE /* Build configuration list for PBXProject "youtube-ios" */ = {
			isa = XCConfigurationList;
			buildConfigurations = (
				F77D2BC72521A3F400ADDDAE /* Debug */,
				F77D2BC82521A3F400ADDDAE /* Release */,
			);
			defaultConfigurationIsVisible = 0;
			defaultConfigurationName = Release;
		};
		F77D2BC92521A3F400ADDDAE /* Build configuration list for PBXNativeTarget "youtube-ios" */ = {
			isa = XCConfigurationList;
			buildConfigurations = (
				F77D2BCA2521A3F400ADDDAE /* Debug */,
				F77D2BCB2521A3F400ADDDAE /* Release */,
			);
			defaultConfigurationIsVisible = 0;
			defaultConfigurationName = Release;
		};
/* End XCConfigurationList section */
	};
	rootObject = F77D2BAD2521A3F300ADDDAE /* Project object */;
}
